
Microsoft Visual Studio Solution File, Format Version 12.00
# Visual Studio Version 16
VisualStudioVersion = 16.0.30907.101
MinimumVisualStudioVersion = 10.0.40219.1
Project("{FAE04EC0-301F-11D3-BF4B-00C04F79EFBC}") = "BiblWorm", "BiblWorm\BiblWorm.csproj", "{EBD2FF60-7DA1-488A-BB9D-1D314178BC3D}"
EndProject
Global
	GlobalSection(SolutionConfigurationPlatforms) = preSolution
		Debug|Any CPU = Debug|Any CPU
		Release|Any CPU = Release|Any CPU
	EndGlobalSection
	GlobalSection(ProjectConfigurationPlatforms) = postSolution
		{EBD2FF60-7DA1-488A-BB9D-1D314178BC3D}.Debug|Any CPU.ActiveCfg = Debug|Any CPU
		{EBD2FF60-7DA1-488A-BB9D-1D314178BC3D}.Debug|Any CPU.Build.0 = Debug|Any CPU
		{EBD2FF60-7DA1-488A-BB9D-1D314178BC3D}.Release|Any CPU.ActiveCfg = Release|Any CPU
		{EBD2FF60-7DA1-488A-BB9D-1D314178BC3D}.Release|Any CPU.Build.0 = Release|Any CPU
	EndGlobalSection
	GlobalSection(SolutionProperties) = preSolution
		HideSolutionNode = FALSE
	EndGlobalSection
	GlobalSection(ExtensibilityGlobals) = postSolution
		SolutionGuid = {5C0E604F-251C-4AA9-890B-7D01A577AC04}
	EndGlobalSection
EndGlobal
