
Microsoft Visual Studio Solution File, Format Version 12.00
# Visual Studio Version 16
VisualStudioVersion = 16.0.30907.101
MinimumVisualStudioVersion = 10.0.40219.1
Project("{FAE04EC0-301F-11D3-BF4B-00C04F79EFBC}") = "WindowsFormsControlLibrary1", "WindowsFormsControlLibrary1\WindowsFormsControlLibrary1.csproj", "{442F1A03-A24C-4DDF-A0B0-928EFBF721DF}"
EndProject
Global
	GlobalSection(SolutionConfigurationPlatforms) = preSolution
		Debug|Any CPU = Debug|Any CPU
		Release|Any CPU = Release|Any CPU
	EndGlobalSection
	GlobalSection(ProjectConfigurationPlatforms) = postSolution
		{442F1A03-A24C-4DDF-A0B0-928EFBF721DF}.Debug|Any CPU.ActiveCfg = Debug|Any CPU
		{442F1A03-A24C-4DDF-A0B0-928EFBF721DF}.Debug|Any CPU.Build.0 = Debug|Any CPU
		{442F1A03-A24C-4DDF-A0B0-928EFBF721DF}.Release|Any CPU.ActiveCfg = Release|Any CPU
		{442F1A03-A24C-4DDF-A0B0-928EFBF721DF}.Release|Any CPU.Build.0 = Release|Any CPU
	EndGlobalSection
	GlobalSection(SolutionProperties) = preSolution
		HideSolutionNode = FALSE
	EndGlobalSection
	GlobalSection(ExtensibilityGlobals) = postSolution
		SolutionGuid = {1CAE1A51-2E73-4CD5-A6F1-FDBE076136D9}
	EndGlobalSection
EndGlobal
